<?xml version="1.0" encoding="utf-8"?>
<Project ToolsVersion="4.0" xmlns="http://schemas.microsoft.com/developer/msbuild/2003">
  <ItemGroup>
    <Filter Include="소스 파일">
      <UniqueIdentifier>{4FC737F1-C7A5-4376-A066-2A32D752A2FF}</UniqueIdentifier>
      <Extensions>cpp;c;cc;cxx;c++;cppm;ixx;def;odl;idl;hpj;bat;asm;asmx</Extensions>
    </Filter>
    <Filter Include="헤더 파일">
      <UniqueIdentifier>{93995380-89BD-4b04-88EB-625FBE52EBFB}</UniqueIdentifier>
      <Extensions>h;hh;hpp;hxx;h++;hm;inl;inc;ipp;xsd</Extensions>
    </Filter>
    <Filter Include="리소스 파일">
      <UniqueIdentifier>{67DA6AB6-F800-4c08-8B7A-83BB121AAD01}</UniqueIdentifier>
      <Extensions>rc;ico;cur;bmp;dlg;rc2;rct;bin;rgs;gif;jpg;jpeg;jpe;resx;tiff;tif;png;wav;mfcribbon-ms</Extensions>
    </Filter>
  </ItemGroup>
  <ItemGroup>
    <ClCompile Include="Application.cpp">
      <Filter>소스 파일</Filter>
    </ClCompile>
    <ClCompile Include="Computer.cpp">
      <Filter>소스 파일</Filter>
    </ClCompile>
  </ItemGroup>
  <ItemGroup>
    <ClInclude Include="(2023.01.13)참조 연산자.h">
      <Filter>헤더 파일</Filter>
    </ClInclude>
    <ClInclude Include="(2023.01.16)범위 기반 반복문+동적할당.h">
      <Filter>헤더 파일</Filter>
    </ClInclude>
    <ClInclude Include="(2023.01.17)네임스페이스와 클래스.h">
      <Filter>헤더 파일</Filter>
    </ClInclude>
    <ClInclude Include="Computer.h">
      <Filter>헤더 파일</Filter>
    </ClInclude>
    <ClInclude Include="(2023.01.18)생성자와 소멸자 클래스의 선언정의.h">
      <Filter>헤더 파일</Filter>
    </ClInclude>
    <ClInclude Include="%282023.01.19%29파일입출력.h">
      <Filter>헤더 파일</Filter>
    </ClInclude>
    <ClInclude Include="string문.h">
      <Filter>헤더 파일</Filter>
    </ClInclude>
    <ClInclude Include="(2023.01.25)얕은 복사 깊은복사.h">
      <Filter>헤더 파일</Filter>
    </ClInclude>
    <ClInclude Include="(2023.01.26)상속.h">
      <Filter>헤더 파일</Filter>
    </ClInclude>
    <ClInclude Include="(2023.01.27)다중상속.h">
      <Filter>헤더 파일</Filter>
    </ClInclude>
    <ClInclude Include="(2023.01.30) 오버로딩, 오버라이딩.h">
      <Filter>헤더 파일</Filter>
    </ClInclude>
    <ClInclude Include="(2023.01.31) 가상함수와 캡슐화.h">
      <Filter>헤더 파일</Filter>
    </ClInclude>
    <ClInclude Include="(2023.02.01)가상소멸자, 리스트.h">
      <Filter>헤더 파일</Filter>
    </ClInclude>
    <ClInclude Include="(2023.02.02)템플릿, 큐, 스택.h">
      <Filter>헤더 파일</Filter>
    </ClInclude>
    <ClInclude Include="(2023.02.03)벡터.h">
      <Filter>헤더 파일</Filter>
    </ClInclude>
    <ClInclude Include="(2023.02.06)이중포인터.h">
      <Filter>헤더 파일</Filter>
    </ClInclude>
  </ItemGroup>
</Project>